
Microsoft Visual Studio Solution File, Format Version 12.00
# Visual Studio Version 16
VisualStudioVersion = 16.0.32228.343
MinimumVisualStudioVersion = 10.0.40219.1
Project("{FAE04EC0-301F-11D3-BF4B-00C04F79EFBC}") = "Encoded Class", "Encoded Class\Encoded Class.csproj", "{71A17206-4775-4148-8F6F-572C80B27945}"
EndProject
Global
	GlobalSection(SolutionConfigurationPlatforms) = preSolution
		Debug|Any CPU = Debug|Any CPU
		Release|Any CPU = Release|Any CPU
	EndGlobalSection
	GlobalSection(ProjectConfigurationPlatforms) = postSolution
		{71A17206-4775-4148-8F6F-572C80B27945}.Debug|Any CPU.ActiveCfg = Debug|Any CPU
		{71A17206-4775-4148-8F6F-572C80B27945}.Debug|Any CPU.Build.0 = Debug|Any CPU
		{71A17206-4775-4148-8F6F-572C80B27945}.Release|Any CPU.ActiveCfg = Release|Any CPU
		{71A17206-4775-4148-8F6F-572C80B27945}.Release|Any CPU.Build.0 = Release|Any CPU
	EndGlobalSection
	GlobalSection(SolutionProperties) = preSolution
		HideSolutionNode = FALSE
	EndGlobalSection
	GlobalSection(ExtensibilityGlobals) = postSolution
		SolutionGuid = {5B29B487-C03B-4853-B1E3-FB633C60E4CD}
	EndGlobalSection
EndGlobal
